
Microsoft Visual Studio Solution File, Format Version 12.00
# Visual Studio Version 17
VisualStudioVersion = 17.4.33110.190
MinimumVisualStudioVersion = 10.0.40219.1
Project("{FAE04EC0-301F-11D3-BF4B-00C04F79EFBC}") = "SSOCookieBasedAuthentication", "SSOCookieBasedAuthentication\SSOCookieBasedAuthentication.csproj", "{990252FD-407A-4A17-A594-66DC0E76B3FA}"
EndProject
Project("{FAE04EC0-301F-11D3-BF4B-00C04F79EFBC}") = "SSOCookieBasedAuthentication2", "SSOCookieBasedAuthentication2\SSOCookieBasedAuthentication2.csproj", "{CEC39B86-0DD0-4DFA-A080-C200C573383D}"
EndProject
Global
	GlobalSection(SolutionConfigurationPlatforms) = preSolution
		Debug|Any CPU = Debug|Any CPU
		Release|Any CPU = Release|Any CPU
	EndGlobalSection
	GlobalSection(ProjectConfigurationPlatforms) = postSolution
		{990252FD-407A-4A17-A594-66DC0E76B3FA}.Debug|Any CPU.ActiveCfg = Debug|Any CPU
		{990252FD-407A-4A17-A594-66DC0E76B3FA}.Debug|Any CPU.Build.0 = Debug|Any CPU
		{990252FD-407A-4A17-A594-66DC0E76B3FA}.Release|Any CPU.ActiveCfg = Release|Any CPU
		{990252FD-407A-4A17-A594-66DC0E76B3FA}.Release|Any CPU.Build.0 = Release|Any CPU
		{CEC39B86-0DD0-4DFA-A080-C200C573383D}.Debug|Any CPU.ActiveCfg = Debug|Any CPU
		{CEC39B86-0DD0-4DFA-A080-C200C573383D}.Debug|Any CPU.Build.0 = Debug|Any CPU
		{CEC39B86-0DD0-4DFA-A080-C200C573383D}.Release|Any CPU.ActiveCfg = Release|Any CPU
		{CEC39B86-0DD0-4DFA-A080-C200C573383D}.Release|Any CPU.Build.0 = Release|Any CPU
	EndGlobalSection
	GlobalSection(SolutionProperties) = preSolution
		HideSolutionNode = FALSE
	EndGlobalSection
	GlobalSection(ExtensibilityGlobals) = postSolution
		SolutionGuid = {90A1F38C-336A-4B38-BBCF-EE8D95044A5B}
	EndGlobalSection
EndGlobal
